
Microsoft Visual Studio Solution File, Format Version 12.00
# Visual Studio Version 17
VisualStudioVersion = 17.4.33213.308
MinimumVisualStudioVersion = 10.0.40219.1
Project("{FAE04EC0-301F-11D3-BF4B-00C04F79EFBC}") = "WorkiomTestAPI", "WorkiomTestAPI\WorkiomTestAPI.csproj", "{A43058C4-7132-4E15-B428-28117792BC0F}"
EndProject
Global
	GlobalSection(SolutionConfigurationPlatforms) = preSolution
		Debug|Any CPU = Debug|Any CPU
		Release|Any CPU = Release|Any CPU
	EndGlobalSection
	GlobalSection(ProjectConfigurationPlatforms) = postSolution
		{A43058C4-7132-4E15-B428-28117792BC0F}.Debug|Any CPU.ActiveCfg = Debug|Any CPU
		{A43058C4-7132-4E15-B428-28117792BC0F}.Debug|Any CPU.Build.0 = Debug|Any CPU
		{A43058C4-7132-4E15-B428-28117792BC0F}.Release|Any CPU.ActiveCfg = Release|Any CPU
		{A43058C4-7132-4E15-B428-28117792BC0F}.Release|Any CPU.Build.0 = Release|Any CPU
	EndGlobalSection
	GlobalSection(SolutionProperties) = preSolution
		HideSolutionNode = FALSE
	EndGlobalSection
	GlobalSection(ExtensibilityGlobals) = postSolution
		SolutionGuid = {19F50B58-46E8-4E06-A369-7FCB40C02BED}
	EndGlobalSection
EndGlobal
